
Microsoft Visual Studio Solution File, Format Version 12.00
# Visual Studio Version 17
VisualStudioVersion = 17.13.35913.81 d17.13
MinimumVisualStudioVersion = 10.0.40219.1
Project("{FAE04EC0-301F-11D3-BF4B-00C04F79EFBC}") = "LitExplorer", "LitExplorer.csproj", "{BABCEB93-0E4A-4576-A95A-9D8F93586ECB}"
EndProject
Global
	GlobalSection(SolutionConfigurationPlatforms) = preSolution
		Debug|Any CPU = Debug|Any CPU
		Release|Any CPU = Release|Any CPU
	EndGlobalSection
	GlobalSection(ProjectConfigurationPlatforms) = postSolution
		{BABCEB93-0E4A-4576-A95A-9D8F93586ECB}.Debug|Any CPU.ActiveCfg = Debug|Any CPU
		{BABCEB93-0E4A-4576-A95A-9D8F93586ECB}.Debug|Any CPU.Build.0 = Debug|Any CPU
		{BABCEB93-0E4A-4576-A95A-9D8F93586ECB}.Release|Any CPU.ActiveCfg = Release|Any CPU
		{BABCEB93-0E4A-4576-A95A-9D8F93586ECB}.Release|Any CPU.Build.0 = Release|Any CPU
	EndGlobalSection
	GlobalSection(SolutionProperties) = preSolution
		HideSolutionNode = FALSE
	EndGlobalSection
	GlobalSection(ExtensibilityGlobals) = postSolution
		SolutionGuid = {3252AD33-65E1-45C2-8055-49B658F2EB6F}
	EndGlobalSection
EndGlobal
